
Microsoft Visual Studio Solution File, Format Version 12.00
# Visual Studio Version 17
VisualStudioVersion = 17.2.32616.157
MinimumVisualStudioVersion = 10.0.40219.1
Project("{FAE04EC0-301F-11D3-BF4B-00C04F79EFBC}") = "Maze", "Maze\Maze.csproj", "{0FA820F8-1BA1-4D6F-9A3A-6B24E0ED609B}"
EndProject
Global
	GlobalSection(SolutionConfigurationPlatforms) = preSolution
		Debug|Any CPU = Debug|Any CPU
		Release|Any CPU = Release|Any CPU
	EndGlobalSection
	GlobalSection(ProjectConfigurationPlatforms) = postSolution
		{0FA820F8-1BA1-4D6F-9A3A-6B24E0ED609B}.Debug|Any CPU.ActiveCfg = Debug|Any CPU
		{0FA820F8-1BA1-4D6F-9A3A-6B24E0ED609B}.Debug|Any CPU.Build.0 = Debug|Any CPU
		{0FA820F8-1BA1-4D6F-9A3A-6B24E0ED609B}.Release|Any CPU.ActiveCfg = Release|Any CPU
		{0FA820F8-1BA1-4D6F-9A3A-6B24E0ED609B}.Release|Any CPU.Build.0 = Release|Any CPU
	EndGlobalSection
	GlobalSection(SolutionProperties) = preSolution
		HideSolutionNode = FALSE
	EndGlobalSection
	GlobalSection(ExtensibilityGlobals) = postSolution
		SolutionGuid = {E57E63D5-8639-4859-9593-42E2D445B415}
	EndGlobalSection
EndGlobal
